{
  "name": "p8-trivy-critical-fixture",
  "version": "1.0.0",
  "lockfileVersion": 3,
  "requires": true,
  "packages": {
    "": {
      "devDependencies": {
        "tar": "7.5.11"
      }
    },
    "node_modules/tar": {
      "version": "7.5.11",
      "resolved": "https://registry.npmjs.org/tar/-/tar-7.5.11.tgz"
    }
  }
}
